
Microsoft Visual Studio Solution File, Format Version 12.00
# Visual Studio Version 17
VisualStudioVersion = 17.2.32616.157
MinimumVisualStudioVersion = 10.0.40219.1
Project("{FAE04EC0-301F-11D3-BF4B-00C04F79EFBC}") = "DataStructureMatrix", "DataStructureMatrix.csproj", "{6FD07AD9-A6EE-46C7-AEA7-8A787EBE148D}"
EndProject
Global
	GlobalSection(SolutionConfigurationPlatforms) = preSolution
		Debug|Any CPU = Debug|Any CPU
		Release|Any CPU = Release|Any CPU
	EndGlobalSection
	GlobalSection(ProjectConfigurationPlatforms) = postSolution
		{6FD07AD9-A6EE-46C7-AEA7-8A787EBE148D}.Debug|Any CPU.ActiveCfg = Debug|Any CPU
		{6FD07AD9-A6EE-46C7-AEA7-8A787EBE148D}.Debug|Any CPU.Build.0 = Debug|Any CPU
		{6FD07AD9-A6EE-46C7-AEA7-8A787EBE148D}.Release|Any CPU.ActiveCfg = Release|Any CPU
		{6FD07AD9-A6EE-46C7-AEA7-8A787EBE148D}.Release|Any CPU.Build.0 = Release|Any CPU
	EndGlobalSection
	GlobalSection(SolutionProperties) = preSolution
		HideSolutionNode = FALSE
	EndGlobalSection
	GlobalSection(ExtensibilityGlobals) = postSolution
		SolutionGuid = {1448EE24-3393-4F9B-B2E5-C56CAEDA5A82}
	EndGlobalSection
EndGlobal
